github.com/lovelydeng/gomoji v0.0.0-20221120141925-ea446dc92ac0 h1:UFF+CuOnKbYmhHij3x4kur7NVQVqWL/ocxKpBopcZKw=
github.com/lovelydeng/gomoji v0.0.0-20221120141925-ea446dc92ac0/go.mod h1:iJlgOov0BBlkwqd0CxMUoLWn733LtoLevQ/l2H11BmM=
github.com/lovelydeng/uniseg v0.0.0-20221120141218-19f3806b842a h1:BLRArvRRwtc4e/8oG8/fbdRnO0w8o0g4vA+rjwS92mM=
github.com/lovelydeng/uniseg v0.0.0-20221120141218-19f3806b842a/go.mod h1:LHUI1u/1Y1MDcWiLtdN+ARgrPi/i8CdwPk4/SMvEoSE=
